
Microsoft Visual Studio Solution File, Format Version 12.00
# Visual Studio 15
VisualStudioVersion = 15.0.27004.2005
MinimumVisualStudioVersion = 10.0.40219.1
Project("{8BC9CEB8-8B4A-11D0-8D11-00A0C91BC942}") = "HelloSDL", "src\HelloSDL\HelloSDL.vcxproj", "{884E4724-5D69-4E15-8FA5-EA7F1CCF494B}"
EndProject
Project("{8BC9CEB8-8B4A-11D0-8D11-00A0C91BC942}") = "A05", "src\A05\A05.vcxproj", "{CD16C44A-0D4B-429F-B7DA-041E11EFC6F7}"
EndProject
Project("{8BC9CEB8-8B4A-11D0-8D11-00A0C91BC942}") = "Bomberman", "src\Bomberman\Bomberman.vcxproj", "{283C81E1-6FA0-4E24-A815-5C41716E17B2}"
EndProject
Global
	GlobalSection(SolutionConfigurationPlatforms) = preSolution
		Debug|x64 = Debug|x64
		Debug|x86 = Debug|x86
		Release|x64 = Release|x64
		Release|x86 = Release|x86
	EndGlobalSection
	GlobalSection(ProjectConfigurationPlatforms) = postSolution
		{884E4724-5D69-4E15-8FA5-EA7F1CCF494B}.Debug|x64.ActiveCfg = Debug|x64
		{884E4724-5D69-4E15-8FA5-EA7F1CCF494B}.Debug|x64.Build.0 = Debug|x64
		{884E4724-5D69-4E15-8FA5-EA7F1CCF494B}.Debug|x86.ActiveCfg = Debug|Win32
		{884E4724-5D69-4E15-8FA5-EA7F1CCF494B}.Debug|x86.Build.0 = Debug|Win32
		{884E4724-5D69-4E15-8FA5-EA7F1CCF494B}.Release|x64.ActiveCfg = Release|x64
		{884E4724-5D69-4E15-8FA5-EA7F1CCF494B}.Release|x64.Build.0 = Release|x64
		{884E4724-5D69-4E15-8FA5-EA7F1CCF494B}.Release|x86.ActiveCfg = Release|Win32
		{884E4724-5D69-4E15-8FA5-EA7F1CCF494B}.Release|x86.Build.0 = Release|Win32
		{CD16C44A-0D4B-429F-B7DA-041E11EFC6F7}.Debug|x64.ActiveCfg = Debug|x64
		{CD16C44A-0D4B-429F-B7DA-041E11EFC6F7}.Debug|x64.Build.0 = Debug|x64
		{CD16C44A-0D4B-429F-B7DA-041E11EFC6F7}.Debug|x86.ActiveCfg = Debug|Win32
		{CD16C44A-0D4B-429F-B7DA-041E11EFC6F7}.Debug|x86.Build.0 = Debug|Win32
		{CD16C44A-0D4B-429F-B7DA-041E11EFC6F7}.Release|x64.ActiveCfg = Release|x64
		{CD16C44A-0D4B-429F-B7DA-041E11EFC6F7}.Release|x64.Build.0 = Release|x64
		{CD16C44A-0D4B-429F-B7DA-041E11EFC6F7}.Release|x86.ActiveCfg = Release|Win32
		{CD16C44A-0D4B-429F-B7DA-041E11EFC6F7}.Release|x86.Build.0 = Release|Win32
		{283C81E1-6FA0-4E24-A815-5C41716E17B2}.Debug|x64.ActiveCfg = Debug|x64
		{283C81E1-6FA0-4E24-A815-5C41716E17B2}.Debug|x64.Build.0 = Debug|x64
		{283C81E1-6FA0-4E24-A815-5C41716E17B2}.Debug|x86.ActiveCfg = Debug|Win32
		{283C81E1-6FA0-4E24-A815-5C41716E17B2}.Debug|x86.Build.0 = Debug|Win32
		{283C81E1-6FA0-4E24-A815-5C41716E17B2}.Release|x64.ActiveCfg = Release|x64
		{283C81E1-6FA0-4E24-A815-5C41716E17B2}.Release|x64.Build.0 = Release|x64
		{283C81E1-6FA0-4E24-A815-5C41716E17B2}.Release|x86.ActiveCfg = Release|Win32
		{283C81E1-6FA0-4E24-A815-5C41716E17B2}.Release|x86.Build.0 = Release|Win32
	EndGlobalSection
	GlobalSection(SolutionProperties) = preSolution
		HideSolutionNode = FALSE
	EndGlobalSection
	GlobalSection(ExtensibilityGlobals) = postSolution
		SolutionGuid = {FBA62D32-EFDC-4F8B-A171-1D005C4283C1}
	EndGlobalSection
EndGlobal
